
Microsoft Visual Studio Solution File, Format Version 12.00
# Visual Studio Version 16
VisualStudioVersion = 16.0.30523.141
MinimumVisualStudioVersion = 10.0.40219.1
Project("{FAE04EC0-301F-11D3-BF4B-00C04F79EFBC}") = "Battleship", "Battleship\Battleship.csproj", "{B807E17A-7733-4419-B6D5-31E4A01AA828}"
EndProject
Project("{FAE04EC0-301F-11D3-BF4B-00C04F79EFBC}") = "Battleship.Test", "Battleship.Test\Battleship.Test.csproj", "{8267DDBF-462D-4A22-83CF-6738F794AB4B}"
EndProject
Global
	GlobalSection(SolutionConfigurationPlatforms) = preSolution
		Debug|Any CPU = Debug|Any CPU
		Release|Any CPU = Release|Any CPU
	EndGlobalSection
	GlobalSection(ProjectConfigurationPlatforms) = postSolution
		{B807E17A-7733-4419-B6D5-31E4A01AA828}.Debug|Any CPU.ActiveCfg = Debug|Any CPU
		{B807E17A-7733-4419-B6D5-31E4A01AA828}.Debug|Any CPU.Build.0 = Debug|Any CPU
		{B807E17A-7733-4419-B6D5-31E4A01AA828}.Release|Any CPU.ActiveCfg = Release|Any CPU
		{B807E17A-7733-4419-B6D5-31E4A01AA828}.Release|Any CPU.Build.0 = Release|Any CPU
		{8267DDBF-462D-4A22-83CF-6738F794AB4B}.Debug|Any CPU.ActiveCfg = Debug|Any CPU
		{8267DDBF-462D-4A22-83CF-6738F794AB4B}.Debug|Any CPU.Build.0 = Debug|Any CPU
		{8267DDBF-462D-4A22-83CF-6738F794AB4B}.Release|Any CPU.ActiveCfg = Release|Any CPU
		{8267DDBF-462D-4A22-83CF-6738F794AB4B}.Release|Any CPU.Build.0 = Release|Any CPU
	EndGlobalSection
	GlobalSection(SolutionProperties) = preSolution
		HideSolutionNode = FALSE
	EndGlobalSection
	GlobalSection(ExtensibilityGlobals) = postSolution
		SolutionGuid = {9229C2CA-123B-4404-8FE1-DE8DAE27A68A}
	EndGlobalSection
EndGlobal
